
Microsoft Visual Studio Solution File, Format Version 12.00
# Visual Studio Version 16
VisualStudioVersion = 16.0.31624.102
MinimumVisualStudioVersion = 10.0.40219.1
Project("{FAE04EC0-301F-11D3-BF4B-00C04F79EFBC}") = "DatabaseControl", "DatabaseControl\DatabaseControl.csproj", "{BD8314D3-EF78-4407-8297-320D8C8F6E8C}"
EndProject
Project("{FAE04EC0-301F-11D3-BF4B-00C04F79EFBC}") = "UnitTestProject", "UnitTestProject\UnitTestProject.csproj", "{05331B30-7569-42BB-AC3A-E4A50CE84CFC}"
EndProject
Project("{9A19103F-16F7-4668-BE54-9A1E7A4F7556}") = "RestApiServer", "RestApiServer\RestApiServer.csproj", "{2A019684-AA2B-47F4-9588-B80AF1C1BFFE}"
EndProject
Project("{2150E333-8FDC-42A3-9474-1A3956D46DE8}") = "Solution Items", "Solution Items", "{C186C325-6C8E-41A6-8C18-FEBAA0175A8F}"
	ProjectSection(SolutionItems) = preProject
		.editorconfig = .editorconfig
	EndProjectSection
EndProject
Global
	GlobalSection(SolutionConfigurationPlatforms) = preSolution
		Debug|Any CPU = Debug|Any CPU
		Release|Any CPU = Release|Any CPU
	EndGlobalSection
	GlobalSection(ProjectConfigurationPlatforms) = postSolution
		{BD8314D3-EF78-4407-8297-320D8C8F6E8C}.Debug|Any CPU.ActiveCfg = Debug|Any CPU
		{BD8314D3-EF78-4407-8297-320D8C8F6E8C}.Debug|Any CPU.Build.0 = Debug|Any CPU
		{BD8314D3-EF78-4407-8297-320D8C8F6E8C}.Release|Any CPU.ActiveCfg = Release|Any CPU
		{BD8314D3-EF78-4407-8297-320D8C8F6E8C}.Release|Any CPU.Build.0 = Release|Any CPU
		{05331B30-7569-42BB-AC3A-E4A50CE84CFC}.Debug|Any CPU.ActiveCfg = Debug|Any CPU
		{05331B30-7569-42BB-AC3A-E4A50CE84CFC}.Debug|Any CPU.Build.0 = Debug|Any CPU
		{05331B30-7569-42BB-AC3A-E4A50CE84CFC}.Release|Any CPU.ActiveCfg = Release|Any CPU
		{05331B30-7569-42BB-AC3A-E4A50CE84CFC}.Release|Any CPU.Build.0 = Release|Any CPU
		{2A019684-AA2B-47F4-9588-B80AF1C1BFFE}.Debug|Any CPU.ActiveCfg = Debug|Any CPU
		{2A019684-AA2B-47F4-9588-B80AF1C1BFFE}.Debug|Any CPU.Build.0 = Debug|Any CPU
		{2A019684-AA2B-47F4-9588-B80AF1C1BFFE}.Release|Any CPU.ActiveCfg = Release|Any CPU
		{2A019684-AA2B-47F4-9588-B80AF1C1BFFE}.Release|Any CPU.Build.0 = Release|Any CPU
	EndGlobalSection
	GlobalSection(SolutionProperties) = preSolution
		HideSolutionNode = FALSE
	EndGlobalSection
	GlobalSection(ExtensibilityGlobals) = postSolution
		SolutionGuid = {D7AE0A1A-9F40-40F9-8062-B4434E2BE00C}
	EndGlobalSection
EndGlobal
